
Microsoft Visual Studio Solution File, Format Version 12.00
# Visual Studio Version 17
VisualStudioVersion = 17.0.31903.59
MinimumVisualStudioVersion = 10.0.40219.1
Project("{2150E333-8FDC-42A3-9474-1A3956D46DE8}") = "algortimo-logica-programacao", "algortimo-logica-programacao", "{C477EC12-6458-45D8-81B4-959B77A78AB5}"
EndProject
Project("{2150E333-8FDC-42A3-9474-1A3956D46DE8}") = "unidade-1", "unidade-1", "{02D4DBEA-881D-426F-A4FA-853030F5AEAA}"
EndProject
Project("{FAE04EC0-301F-11D3-BF4B-00C04F79EFBC}") = "FaculdadeApp", "algortimo-logica-programacao\unidade-1\FaculdadeApp\FaculdadeApp.csproj", "{8DAE9AFE-3376-4A68-B49D-A3429008F7CA}"
EndProject
Global
	GlobalSection(SolutionConfigurationPlatforms) = preSolution
		Debug|Any CPU = Debug|Any CPU
		Release|Any CPU = Release|Any CPU
	EndGlobalSection
	GlobalSection(SolutionProperties) = preSolution
		HideSolutionNode = FALSE
	EndGlobalSection
	GlobalSection(ProjectConfigurationPlatforms) = postSolution
		{8DAE9AFE-3376-4A68-B49D-A3429008F7CA}.Debug|Any CPU.ActiveCfg = Debug|Any CPU
		{8DAE9AFE-3376-4A68-B49D-A3429008F7CA}.Debug|Any CPU.Build.0 = Debug|Any CPU
		{8DAE9AFE-3376-4A68-B49D-A3429008F7CA}.Release|Any CPU.ActiveCfg = Release|Any CPU
		{8DAE9AFE-3376-4A68-B49D-A3429008F7CA}.Release|Any CPU.Build.0 = Release|Any CPU
	EndGlobalSection
	GlobalSection(NestedProjects) = preSolution
		{02D4DBEA-881D-426F-A4FA-853030F5AEAA} = {C477EC12-6458-45D8-81B4-959B77A78AB5}
		{8DAE9AFE-3376-4A68-B49D-A3429008F7CA} = {02D4DBEA-881D-426F-A4FA-853030F5AEAA}
	EndGlobalSection
EndGlobal
